
Microsoft Visual Studio Solution File, Format Version 12.00
# Visual Studio Version 16
VisualStudioVersion = 16.0.31911.196
MinimumVisualStudioVersion = 10.0.40219.1
Project("{FAE04EC0-301F-11D3-BF4B-00C04F79EFBC}") = "Another URL Shortener", "Another URL Shortener\Another URL Shortener.csproj", "{59D241C1-FF53-4C68-984F-E0E0CFD30879}"
EndProject
Global
	GlobalSection(SolutionConfigurationPlatforms) = preSolution
		Debug|Any CPU = Debug|Any CPU
		Release|Any CPU = Release|Any CPU
	EndGlobalSection
	GlobalSection(ProjectConfigurationPlatforms) = postSolution
		{59D241C1-FF53-4C68-984F-E0E0CFD30879}.Debug|Any CPU.ActiveCfg = Debug|Any CPU
		{59D241C1-FF53-4C68-984F-E0E0CFD30879}.Debug|Any CPU.Build.0 = Debug|Any CPU
		{59D241C1-FF53-4C68-984F-E0E0CFD30879}.Release|Any CPU.ActiveCfg = Release|Any CPU
		{59D241C1-FF53-4C68-984F-E0E0CFD30879}.Release|Any CPU.Build.0 = Release|Any CPU
	EndGlobalSection
	GlobalSection(SolutionProperties) = preSolution
		HideSolutionNode = FALSE
	EndGlobalSection
	GlobalSection(ExtensibilityGlobals) = postSolution
		SolutionGuid = {22E3F9F6-C09A-4806-A188-D66C3DA4C628}
	EndGlobalSection
EndGlobal
