
Microsoft Visual Studio Solution File, Format Version 12.00
# Visual Studio Version 17
VisualStudioVersion = 17.1.32421.90
MinimumVisualStudioVersion = 10.0.40219.1
Project("{9A19103F-16F7-4668-BE54-9A1E7A4F7556}") = "Another URL Shortener", "Another URL Shortener\Another URL Shortener.csproj", "{59D241C1-FF53-4C68-984F-E0E0CFD30879}"
EndProject
Project("{9A19103F-16F7-4668-BE54-9A1E7A4F7556}") = "AnotherUrlShortener.Tests", "AnotherUrlShortener.Tests\AnotherUrlShortener.Tests.csproj", "{CE9648D6-64AB-491E-99A9-4D8BBF790A70}"
EndProject
Global
	GlobalSection(SolutionConfigurationPlatforms) = preSolution
		Debug|Any CPU = Debug|Any CPU
		Release|Any CPU = Release|Any CPU
	EndGlobalSection
	GlobalSection(ProjectConfigurationPlatforms) = postSolution
		{59D241C1-FF53-4C68-984F-E0E0CFD30879}.Debug|Any CPU.ActiveCfg = Debug|Any CPU
		{59D241C1-FF53-4C68-984F-E0E0CFD30879}.Debug|Any CPU.Build.0 = Debug|Any CPU
		{59D241C1-FF53-4C68-984F-E0E0CFD30879}.Release|Any CPU.ActiveCfg = Release|Any CPU
		{59D241C1-FF53-4C68-984F-E0E0CFD30879}.Release|Any CPU.Build.0 = Release|Any CPU
		{CE9648D6-64AB-491E-99A9-4D8BBF790A70}.Debug|Any CPU.ActiveCfg = Debug|Any CPU
		{CE9648D6-64AB-491E-99A9-4D8BBF790A70}.Debug|Any CPU.Build.0 = Debug|Any CPU
		{CE9648D6-64AB-491E-99A9-4D8BBF790A70}.Release|Any CPU.ActiveCfg = Release|Any CPU
		{CE9648D6-64AB-491E-99A9-4D8BBF790A70}.Release|Any CPU.Build.0 = Release|Any CPU
	EndGlobalSection
	GlobalSection(SolutionProperties) = preSolution
		HideSolutionNode = FALSE
	EndGlobalSection
	GlobalSection(ExtensibilityGlobals) = postSolution
		SolutionGuid = {22E3F9F6-C09A-4806-A188-D66C3DA4C628}
	EndGlobalSection
EndGlobal
